
Microsoft Visual Studio Solution File, Format Version 12.00
# Visual Studio 15
VisualStudioVersion = 15.0.27428.2043
MinimumVisualStudioVersion = 10.0.40219.1
Project("{FAE04EC0-301F-11D3-BF4B-00C04F79EFBC}") = "TabbedPageUDEO2.Android", "TabbedPageUDEO2\TabbedPageUDEO2.Android\TabbedPageUDEO2.Android.csproj", "{23C473FA-2F6E-4BF0-A8F5-7F5C31FAA718}"
EndProject
Project("{FAE04EC0-301F-11D3-BF4B-00C04F79EFBC}") = "TabbedPageUDEO2.iOS", "TabbedPageUDEO2\TabbedPageUDEO2.iOS\TabbedPageUDEO2.iOS.csproj", "{54B35848-651F-4004-9DB6-9A1BBC7C5117}"
EndProject
Project("{FAE04EC0-301F-11D3-BF4B-00C04F79EFBC}") = "TabbedPageUDEO2.UWP", "TabbedPageUDEO2\TabbedPageUDEO2.UWP\TabbedPageUDEO2.UWP.csproj", "{A4D75061-1366-470A-81DF-7C39A88B0F64}"
EndProject
Project("{FAE04EC0-301F-11D3-BF4B-00C04F79EFBC}") = "TabbedPageUDEO2", "TabbedPageUDEO2\TabbedPageUDEO2\TabbedPageUDEO2.csproj", "{5E1A1A4E-9126-4346-911B-D26EA2351B57}"
EndProject
Global
	GlobalSection(SolutionConfigurationPlatforms) = preSolution
		Ad-Hoc|Any CPU = Ad-Hoc|Any CPU
		Ad-Hoc|ARM = Ad-Hoc|ARM
		Ad-Hoc|iPhone = Ad-Hoc|iPhone
		Ad-Hoc|iPhoneSimulator = Ad-Hoc|iPhoneSimulator
		Ad-Hoc|x64 = Ad-Hoc|x64
		Ad-Hoc|x86 = Ad-Hoc|x86
		AppStore|Any CPU = AppStore|Any CPU
		AppStore|ARM = AppStore|ARM
		AppStore|iPhone = AppStore|iPhone
		AppStore|iPhoneSimulator = AppStore|iPhoneSimulator
		AppStore|x64 = AppStore|x64
		AppStore|x86 = AppStore|x86
		Debug|Any CPU = Debug|Any CPU
		Debug|ARM = Debug|ARM
		Debug|iPhone = Debug|iPhone
		Debug|iPhoneSimulator = Debug|iPhoneSimulator
		Debug|x64 = Debug|x64
		Debug|x86 = Debug|x86
		Release|Any CPU = Release|Any CPU
		Release|ARM = Release|ARM
		Release|iPhone = Release|iPhone
		Release|iPhoneSimulator = Release|iPhoneSimulator
		Release|x64 = Release|x64
		Release|x86 = Release|x86
	EndGlobalSection
	GlobalSection(ProjectConfigurationPlatforms) = postSolution
		{23C473FA-2F6E-4BF0-A8F5-7F5C31FAA718}.Ad-Hoc|Any CPU.ActiveCfg = Release|Any CPU
		{23C473FA-2F6E-4BF0-A8F5-7F5C31FAA718}.Ad-Hoc|Any CPU.Build.0 = Release|Any CPU
		{23C473FA-2F6E-4BF0-A8F5-7F5C31FAA718}.Ad-Hoc|Any CPU.Deploy.0 = Release|Any CPU
		{23C473FA-2F6E-4BF0-A8F5-7F5C31FAA718}.Ad-Hoc|ARM.ActiveCfg = Release|Any CPU
		{23C473FA-2F6E-4BF0-A8F5-7F5C31FAA718}.Ad-Hoc|ARM.Build.0 = Release|Any CPU
		{23C473FA-2F6E-4BF0-A8F5-7F5C31FAA718}.Ad-Hoc|ARM.Deploy.0 = Release|Any CPU
		{23C473FA-2F6E-4BF0-A8F5-7F5C31FAA718}.Ad-Hoc|iPhone.ActiveCfg = Release|Any CPU
		{23C473FA-2F6E-4BF0-A8F5-7F5C31FAA718}.Ad-Hoc|iPhone.Build.0 = Release|Any CPU
		{23C473FA-2F6E-4BF0-A8F5-7F5C31FAA718}.Ad-Hoc|iPhone.Deploy.0 = Release|Any CPU
		{23C473FA-2F6E-4BF0-A8F5-7F5C31FAA718}.Ad-Hoc|iPhoneSimulator.ActiveCfg = Release|Any CPU
		{23C473FA-2F6E-4BF0-A8F5-7F5C31FAA718}.Ad-Hoc|iPhoneSimulator.Build.0 = Release|Any CPU
		{23C473FA-2F6E-4BF0-A8F5-7F5C31FAA718}.Ad-Hoc|iPhoneSimulator.Deploy.0 = Release|Any CPU
		{23C473FA-2F6E-4BF0-A8F5-7F5C31FAA718}.Ad-Hoc|x64.ActiveCfg = Release|Any CPU
		{23C473FA-2F6E-4BF0-A8F5-7F5C31FAA718}.Ad-Hoc|x64.Build.0 = Release|Any CPU
		{23C473FA-2F6E-4BF0-A8F5-7F5C31FAA718}.Ad-Hoc|x64.Deploy.0 = Release|Any CPU
		{23C473FA-2F6E-4BF0-A8F5-7F5C31FAA718}.Ad-Hoc|x86.ActiveCfg = Release|Any CPU
		{23C473FA-2F6E-4BF0-A8F5-7F5C31FAA718}.Ad-Hoc|x86.Build.0 = Release|Any CPU
		{23C473FA-2F6E-4BF0-A8F5-7F5C31FAA718}.Ad-Hoc|x86.Deploy.0 = Release|Any CPU
		{23C473FA-2F6E-4BF0-A8F5-7F5C31FAA718}.AppStore|Any CPU.ActiveCfg = Release|Any CPU
		{23C473FA-2F6E-4BF0-A8F5-7F5C31FAA718}.AppStore|Any CPU.Build.0 = Release|Any CPU
		{23C473FA-2F6E-4BF0-A8F5-7F5C31FAA718}.AppStore|Any CPU.Deploy.0 = Release|Any CPU
		{23C473FA-2F6E-4BF0-A8F5-7F5C31FAA718}.AppStore|ARM.ActiveCfg = Release|Any CPU
		{23C473FA-2F6E-4BF0-A8F5-7F5C31FAA718}.AppStore|ARM.Build.0 = Release|Any CPU
		{23C473FA-2F6E-4BF0-A8F5-7F5C31FAA718}.AppStore|ARM.Deploy.0 = Release|Any CPU
		{23C473FA-2F6E-4BF0-A8F5-7F5C31FAA718}.AppStore|iPhone.ActiveCfg = Release|Any CPU
		{23C473FA-2F6E-4BF0-A8F5-7F5C31FAA718}.AppStore|iPhone.Build.0 = Release|Any CPU
		{23C473FA-2F6E-4BF0-A8F5-7F5C31FAA718}.AppStore|iPhone.Deploy.0 = Release|Any CPU
		{23C473FA-2F6E-4BF0-A8F5-7F5C31FAA718}.AppStore|iPhoneSimulator.ActiveCfg = Release|Any CPU
		{23C473FA-2F6E-4BF0-A8F5-7F5C31FAA718}.AppStore|iPhoneSimulator.Build.0 = Release|Any CPU
		{23C473FA-2F6E-4BF0-A8F5-7F5C31FAA718}.AppStore|iPhoneSimulator.Deploy.0 = Release|Any CPU
		{23C473FA-2F6E-4BF0-A8F5-7F5C31FAA718}.AppStore|x64.ActiveCfg = Release|Any CPU
		{23C473FA-2F6E-4BF0-A8F5-7F5C31FAA718}.AppStore|x64.Build.0 = Release|Any CPU
		{23C473FA-2F6E-4BF0-A8F5-7F5C31FAA718}.AppStore|x64.Deploy.0 = Release|Any CPU
		{23C473FA-2F6E-4BF0-A8F5-7F5C31FAA718}.AppStore|x86.ActiveCfg = Release|Any CPU
		{23C473FA-2F6E-4BF0-A8F5-7F5C31FAA718}.AppStore|x86.Build.0 = Release|Any CPU
		{23C473FA-2F6E-4BF0-A8F5-7F5C31FAA718}.AppStore|x86.Deploy.0 = Release|Any CPU
		{23C473FA-2F6E-4BF0-A8F5-7F5C31FAA718}.Debug|Any CPU.ActiveCfg = Debug|Any CPU
		{23C473FA-2F6E-4BF0-A8F5-7F5C31FAA718}.Debug|Any CPU.Build.0 = Debug|Any CPU
		{23C473FA-2F6E-4BF0-A8F5-7F5C31FAA718}.Debug|Any CPU.Deploy.0 = Debug|Any CPU
		{23C473FA-2F6E-4BF0-A8F5-7F5C31FAA718}.Debug|ARM.ActiveCfg = Debug|Any CPU
		{23C473FA-2F6E-4BF0-A8F5-7F5C31FAA718}.Debug|ARM.Build.0 = Debug|Any CPU
		{23C473FA-2F6E-4BF0-A8F5-7F5C31FAA718}.Debug|ARM.Deploy.0 = Debug|Any CPU
		{23C473FA-2F6E-4BF0-A8F5-7F5C31FAA718}.Debug|iPhone.ActiveCfg = Debug|Any CPU
		{23C473FA-2F6E-4BF0-A8F5-7F5C31FAA718}.Debug|iPhone.Build.0 = Debug|Any CPU
		{23C473FA-2F6E-4BF0-A8F5-7F5C31FAA718}.Debug|iPhone.Deploy.0 = Debug|Any CPU
		{23C473FA-2F6E-4BF0-A8F5-7F5C31FAA718}.Debug|iPhoneSimulator.ActiveCfg = Debug|Any CPU
		{23C473FA-2F6E-4BF0-A8F5-7F5C31FAA718}.Debug|iPhoneSimulator.Build.0 = Debug|Any CPU
		{23C473FA-2F6E-4BF0-A8F5-7F5C31FAA718}.Debug|iPhoneSimulator.Deploy.0 = Debug|Any CPU
		{23C473FA-2F6E-4BF0-A8F5-7F5C31FAA718}.Debug|x64.ActiveCfg = Debug|Any CPU
		{23C473FA-2F6E-4BF0-A8F5-7F5C31FAA718}.Debug|x64.Build.0 = Debug|Any CPU
		{23C473FA-2F6E-4BF0-A8F5-7F5C31FAA718}.Debug|x64.Deploy.0 = Debug|Any CPU
		{23C473FA-2F6E-4BF0-A8F5-7F5C31FAA718}.Debug|x86.ActiveCfg = Debug|Any CPU
		{23C473FA-2F6E-4BF0-A8F5-7F5C31FAA718}.Debug|x86.Build.0 = Debug|Any CPU
		{23C473FA-2F6E-4BF0-A8F5-7F5C31FAA718}.Debug|x86.Deploy.0 = Debug|Any CPU
		{23C473FA-2F6E-4BF0-A8F5-7F5C31FAA718}.Release|Any CPU.ActiveCfg = Release|Any CPU
		{23C473FA-2F6E-4BF0-A8F5-7F5C31FAA718}.Release|Any CPU.Build.0 = Release|Any CPU
		{23C473FA-2F6E-4BF0-A8F5-7F5C31FAA718}.Release|Any CPU.Deploy.0 = Release|Any CPU
		{23C473FA-2F6E-4BF0-A8F5-7F5C31FAA718}.Release|ARM.ActiveCfg = Release|Any CPU
		{23C473FA-2F6E-4BF0-A8F5-7F5C31FAA718}.Release|ARM.Build.0 = Release|Any CPU
		{23C473FA-2F6E-4BF0-A8F5-7F5C31FAA718}.Release|ARM.Deploy.0 = Release|Any CPU
		{23C473FA-2F6E-4BF0-A8F5-7F5C31FAA718}.Release|iPhone.ActiveCfg = Release|Any CPU
		{23C473FA-2F6E-4BF0-A8F5-7F5C31FAA718}.Release|iPhone.Build.0 = Release|Any CPU
		{23C473FA-2F6E-4BF0-A8F5-7F5C31FAA718}.Release|iPhone.Deploy.0 = Release|Any CPU
		{23C473FA-2F6E-4BF0-A8F5-7F5C31FAA718}.Release|iPhoneSimulator.ActiveCfg = Release|Any CPU
		{23C473FA-2F6E-4BF0-A8F5-7F5C31FAA718}.Release|iPhoneSimulator.Build.0 = Release|Any CPU
		{23C473FA-2F6E-4BF0-A8F5-7F5C31FAA718}.Release|iPhoneSimulator.Deploy.0 = Release|Any CPU
		{23C473FA-2F6E-4BF0-A8F5-7F5C31FAA718}.Release|x64.ActiveCfg = Release|Any CPU
		{23C473FA-2F6E-4BF0-A8F5-7F5C31FAA718}.Release|x64.Build.0 = Release|Any CPU
		{23C473FA-2F6E-4BF0-A8F5-7F5C31FAA718}.Release|x64.Deploy.0 = Release|Any CPU
		{23C473FA-2F6E-4BF0-A8F5-7F5C31FAA718}.Release|x86.ActiveCfg = Release|Any CPU
		{23C473FA-2F6E-4BF0-A8F5-7F5C31FAA718}.Release|x86.Build.0 = Release|Any CPU
		{23C473FA-2F6E-4BF0-A8F5-7F5C31FAA718}.Release|x86.Deploy.0 = Release|Any CPU
		{54B35848-651F-4004-9DB6-9A1BBC7C5117}.Ad-Hoc|Any CPU.ActiveCfg = Ad-Hoc|iPhone
		{54B35848-651F-4004-9DB6-9A1BBC7C5117}.Ad-Hoc|ARM.ActiveCfg = Ad-Hoc|iPhone
		{54B35848-651F-4004-9DB6-9A1BBC7C5117}.Ad-Hoc|iPhone.ActiveCfg = Ad-Hoc|iPhone
		{54B35848-651F-4004-9DB6-9A1BBC7C5117}.Ad-Hoc|iPhone.Build.0 = Ad-Hoc|iPhone
		{54B35848-651F-4004-9DB6-9A1BBC7C5117}.Ad-Hoc|iPhoneSimulator.ActiveCfg = Ad-Hoc|iPhoneSimulator
		{54B35848-651F-4004-9DB6-9A1BBC7C5117}.Ad-Hoc|iPhoneSimulator.Build.0 = Ad-Hoc|iPhoneSimulator
		{54B35848-651F-4004-9DB6-9A1BBC7C5117}.Ad-Hoc|x64.ActiveCfg = Ad-Hoc|iPhone
		{54B35848-651F-4004-9DB6-9A1BBC7C5117}.Ad-Hoc|x86.ActiveCfg = Ad-Hoc|iPhone
		{54B35848-651F-4004-9DB6-9A1BBC7C5117}.AppStore|Any CPU.ActiveCfg = AppStore|iPhone
		{54B35848-651F-4004-9DB6-9A1BBC7C5117}.AppStore|ARM.ActiveCfg = AppStore|iPhone
		{54B35848-651F-4004-9DB6-9A1BBC7C5117}.AppStore|iPhone.ActiveCfg = AppStore|iPhone
		{54B35848-651F-4004-9DB6-9A1BBC7C5117}.AppStore|iPhone.Build.0 = AppStore|iPhone
		{54B35848-651F-4004-9DB6-9A1BBC7C5117}.AppStore|iPhoneSimulator.ActiveCfg = AppStore|iPhoneSimulator
		{54B35848-651F-4004-9DB6-9A1BBC7C5117}.AppStore|iPhoneSimulator.Build.0 = AppStore|iPhoneSimulator
		{54B35848-651F-4004-9DB6-9A1BBC7C5117}.AppStore|x64.ActiveCfg = AppStore|iPhone
		{54B35848-651F-4004-9DB6-9A1BBC7C5117}.AppStore|x86.ActiveCfg = AppStore|iPhone
		{54B35848-651F-4004-9DB6-9A1BBC7C5117}.Debug|Any CPU.ActiveCfg = Debug|iPhone
		{54B35848-651F-4004-9DB6-9A1BBC7C5117}.Debug|ARM.ActiveCfg = Debug|iPhone
		{54B35848-651F-4004-9DB6-9A1BBC7C5117}.Debug|iPhone.ActiveCfg = Debug|iPhone
		{54B35848-651F-4004-9DB6-9A1BBC7C5117}.Debug|iPhone.Build.0 = Debug|iPhone
		{54B35848-651F-4004-9DB6-9A1BBC7C5117}.Debug|iPhoneSimulator.ActiveCfg = Debug|iPhoneSimulator
		{54B35848-651F-4004-9DB6-9A1BBC7C5117}.Debug|iPhoneSimulator.Build.0 = Debug|iPhoneSimulator
		{54B35848-651F-4004-9DB6-9A1BBC7C5117}.Debug|x64.ActiveCfg = Debug|iPhone
		{54B35848-651F-4004-9DB6-9A1BBC7C5117}.Debug|x86.ActiveCfg = Debug|iPhone
		{54B35848-651F-4004-9DB6-9A1BBC7C5117}.Release|Any CPU.ActiveCfg = Release|iPhone
		{54B35848-651F-4004-9DB6-9A1BBC7C5117}.Release|ARM.ActiveCfg = Release|iPhone
		{54B35848-651F-4004-9DB6-9A1BBC7C5117}.Release|iPhone.ActiveCfg = Release|iPhone
		{54B35848-651F-4004-9DB6-9A1BBC7C5117}.Release|iPhone.Build.0 = Release|iPhone
		{54B35848-651F-4004-9DB6-9A1BBC7C5117}.Release|iPhoneSimulator.ActiveCfg = Release|iPhoneSimulator
		{54B35848-651F-4004-9DB6-9A1BBC7C5117}.Release|iPhoneSimulator.Build.0 = Release|iPhoneSimulator
		{54B35848-651F-4004-9DB6-9A1BBC7C5117}.Release|x64.ActiveCfg = Release|iPhone
		{54B35848-651F-4004-9DB6-9A1BBC7C5117}.Release|x86.ActiveCfg = Release|iPhone
		{A4D75061-1366-470A-81DF-7C39A88B0F64}.Ad-Hoc|Any CPU.ActiveCfg = Release|x86
		{A4D75061-1366-470A-81DF-7C39A88B0F64}.Ad-Hoc|Any CPU.Build.0 = Release|x86
		{A4D75061-1366-470A-81DF-7C39A88B0F64}.Ad-Hoc|Any CPU.Deploy.0 = Release|x86
		{A4D75061-1366-470A-81DF-7C39A88B0F64}.Ad-Hoc|ARM.ActiveCfg = Release|ARM
		{A4D75061-1366-470A-81DF-7C39A88B0F64}.Ad-Hoc|ARM.Build.0 = Release|ARM
		{A4D75061-1366-470A-81DF-7C39A88B0F64}.Ad-Hoc|ARM.Deploy.0 = Release|ARM
		{A4D75061-1366-470A-81DF-7C39A88B0F64}.Ad-Hoc|iPhone.ActiveCfg = Release|x86
		{A4D75061-1366-470A-81DF-7C39A88B0F64}.Ad-Hoc|iPhone.Build.0 = Release|x86
		{A4D75061-1366-470A-81DF-7C39A88B0F64}.Ad-Hoc|iPhone.Deploy.0 = Release|x86
		{A4D75061-1366-470A-81DF-7C39A88B0F64}.Ad-Hoc|iPhoneSimulator.ActiveCfg = Release|x86
		{A4D75061-1366-470A-81DF-7C39A88B0F64}.Ad-Hoc|iPhoneSimulator.Build.0 = Release|x86
		{A4D75061-1366-470A-81DF-7C39A88B0F64}.Ad-Hoc|iPhoneSimulator.Deploy.0 = Release|x86
		{A4D75061-1366-470A-81DF-7C39A88B0F64}.Ad-Hoc|x64.ActiveCfg = Release|x64
		{A4D75061-1366-470A-81DF-7C39A88B0F64}.Ad-Hoc|x64.Build.0 = Release|x64
		{A4D75061-1366-470A-81DF-7C39A88B0F64}.Ad-Hoc|x64.Deploy.0 = Release|x64
		{A4D75061-1366-470A-81DF-7C39A88B0F64}.Ad-Hoc|x86.ActiveCfg = Release|x86
		{A4D75061-1366-470A-81DF-7C39A88B0F64}.Ad-Hoc|x86.Build.0 = Release|x86
		{A4D75061-1366-470A-81DF-7C39A88B0F64}.Ad-Hoc|x86.Deploy.0 = Release|x86
		{A4D75061-1366-470A-81DF-7C39A88B0F64}.AppStore|Any CPU.ActiveCfg = Release|x86
		{A4D75061-1366-470A-81DF-7C39A88B0F64}.AppStore|Any CPU.Build.0 = Release|x86
		{A4D75061-1366-470A-81DF-7C39A88B0F64}.AppStore|Any CPU.Deploy.0 = Release|x86
		{A4D75061-1366-470A-81DF-7C39A88B0F64}.AppStore|ARM.ActiveCfg = Release|ARM
		{A4D75061-1366-470A-81DF-7C39A88B0F64}.AppStore|ARM.Build.0 = Release|ARM
		{A4D75061-1366-470A-81DF-7C39A88B0F64}.AppStore|ARM.Deploy.0 = Release|ARM
		{A4D75061-1366-470A-81DF-7C39A88B0F64}.AppStore|iPhone.ActiveCfg = Release|x86
		{A4D75061-1366-470A-81DF-7C39A88B0F64}.AppStore|iPhone.Build.0 = Release|x86
		{A4D75061-1366-470A-81DF-7C39A88B0F64}.AppStore|iPhone.Deploy.0 = Release|x86
		{A4D75061-1366-470A-81DF-7C39A88B0F64}.AppStore|iPhoneSimulator.ActiveCfg = Release|x86
		{A4D75061-1366-470A-81DF-7C39A88B0F64}.AppStore|iPhoneSimulator.Build.0 = Release|x86
		{A4D75061-1366-470A-81DF-7C39A88B0F64}.AppStore|iPhoneSimulator.Deploy.0 = Release|x86
		{A4D75061-1366-470A-81DF-7C39A88B0F64}.AppStore|x64.ActiveCfg = Release|x64
		{A4D75061-1366-470A-81DF-7C39A88B0F64}.AppStore|x64.Build.0 = Release|x64
		{A4D75061-1366-470A-81DF-7C39A88B0F64}.AppStore|x64.Deploy.0 = Release|x64
		{A4D75061-1366-470A-81DF-7C39A88B0F64}.AppStore|x86.ActiveCfg = Release|x86
		{A4D75061-1366-470A-81DF-7C39A88B0F64}.AppStore|x86.Build.0 = Release|x86
		{A4D75061-1366-470A-81DF-7C39A88B0F64}.AppStore|x86.Deploy.0 = Release|x86
		{A4D75061-1366-470A-81DF-7C39A88B0F64}.Debug|Any CPU.ActiveCfg = Debug|x86
		{A4D75061-1366-470A-81DF-7C39A88B0F64}.Debug|ARM.ActiveCfg = Debug|ARM
		{A4D75061-1366-470A-81DF-7C39A88B0F64}.Debug|ARM.Build.0 = Debug|ARM
		{A4D75061-1366-470A-81DF-7C39A88B0F64}.Debug|ARM.Deploy.0 = Debug|ARM
		{A4D75061-1366-470A-81DF-7C39A88B0F64}.Debug|iPhone.ActiveCfg = Debug|x86
		{A4D75061-1366-470A-81DF-7C39A88B0F64}.Debug|iPhoneSimulator.ActiveCfg = Debug|x86
		{A4D75061-1366-470A-81DF-7C39A88B0F64}.Debug|x64.ActiveCfg = Debug|x64
		{A4D75061-1366-470A-81DF-7C39A88B0F64}.Debug|x64.Build.0 = Debug|x64
		{A4D75061-1366-470A-81DF-7C39A88B0F64}.Debug|x64.Deploy.0 = Debug|x64
		{A4D75061-1366-470A-81DF-7C39A88B0F64}.Debug|x86.ActiveCfg = Debug|x86
		{A4D75061-1366-470A-81DF-7C39A88B0F64}.Debug|x86.Build.0 = Debug|x86
		{A4D75061-1366-470A-81DF-7C39A88B0F64}.Debug|x86.Deploy.0 = Debug|x86
		{A4D75061-1366-470A-81DF-7C39A88B0F64}.Release|Any CPU.ActiveCfg = Release|x86
		{A4D75061-1366-470A-81DF-7C39A88B0F64}.Release|ARM.ActiveCfg = Release|ARM
		{A4D75061-1366-470A-81DF-7C39A88B0F64}.Release|ARM.Build.0 = Release|ARM
		{A4D75061-1366-470A-81DF-7C39A88B0F64}.Release|ARM.Deploy.0 = Release|ARM
		{A4D75061-1366-470A-81DF-7C39A88B0F64}.Release|iPhone.ActiveCfg = Release|x86
		{A4D75061-1366-470A-81DF-7C39A88B0F64}.Release|iPhoneSimulator.ActiveCfg = Release|x86
		{A4D75061-1366-470A-81DF-7C39A88B0F64}.Release|x64.ActiveCfg = Release|x64
		{A4D75061-1366-470A-81DF-7C39A88B0F64}.Release|x64.Build.0 = Release|x64
		{A4D75061-1366-470A-81DF-7C39A88B0F64}.Release|x64.Deploy.0 = Release|x64
		{A4D75061-1366-470A-81DF-7C39A88B0F64}.Release|x86.ActiveCfg = Release|x86
		{A4D75061-1366-470A-81DF-7C39A88B0F64}.Release|x86.Build.0 = Release|x86
		{A4D75061-1366-470A-81DF-7C39A88B0F64}.Release|x86.Deploy.0 = Release|x86
		{5E1A1A4E-9126-4346-911B-D26EA2351B57}.Ad-Hoc|Any CPU.ActiveCfg = Debug|Any CPU
		{5E1A1A4E-9126-4346-911B-D26EA2351B57}.Ad-Hoc|Any CPU.Build.0 = Debug|Any CPU
		{5E1A1A4E-9126-4346-911B-D26EA2351B57}.Ad-Hoc|ARM.ActiveCfg = Debug|Any CPU
		{5E1A1A4E-9126-4346-911B-D26EA2351B57}.Ad-Hoc|ARM.Build.0 = Debug|Any CPU
		{5E1A1A4E-9126-4346-911B-D26EA2351B57}.Ad-Hoc|iPhone.ActiveCfg = Debug|Any CPU
		{5E1A1A4E-9126-4346-911B-D26EA2351B57}.Ad-Hoc|iPhone.Build.0 = Debug|Any CPU
		{5E1A1A4E-9126-4346-911B-D26EA2351B57}.Ad-Hoc|iPhoneSimulator.ActiveCfg = Debug|Any CPU
		{5E1A1A4E-9126-4346-911B-D26EA2351B57}.Ad-Hoc|iPhoneSimulator.Build.0 = Debug|Any CPU
		{5E1A1A4E-9126-4346-911B-D26EA2351B57}.Ad-Hoc|x64.ActiveCfg = Debug|Any CPU
		{5E1A1A4E-9126-4346-911B-D26EA2351B57}.Ad-Hoc|x64.Build.0 = Debug|Any CPU
		{5E1A1A4E-9126-4346-911B-D26EA2351B57}.Ad-Hoc|x86.ActiveCfg = Debug|Any CPU
		{5E1A1A4E-9126-4346-911B-D26EA2351B57}.Ad-Hoc|x86.Build.0 = Debug|Any CPU
		{5E1A1A4E-9126-4346-911B-D26EA2351B57}.AppStore|Any CPU.ActiveCfg = Debug|Any CPU
		{5E1A1A4E-9126-4346-911B-D26EA2351B57}.AppStore|Any CPU.Build.0 = Debug|Any CPU
		{5E1A1A4E-9126-4346-911B-D26EA2351B57}.AppStore|ARM.ActiveCfg = Debug|Any CPU
		{5E1A1A4E-9126-4346-911B-D26EA2351B57}.AppStore|ARM.Build.0 = Debug|Any CPU
		{5E1A1A4E-9126-4346-911B-D26EA2351B57}.AppStore|iPhone.ActiveCfg = Debug|Any CPU
		{5E1A1A4E-9126-4346-911B-D26EA2351B57}.AppStore|iPhone.Build.0 = Debug|Any CPU
		{5E1A1A4E-9126-4346-911B-D26EA2351B57}.AppStore|iPhoneSimulator.ActiveCfg = Debug|Any CPU
		{5E1A1A4E-9126-4346-911B-D26EA2351B57}.AppStore|iPhoneSimulator.Build.0 = Debug|Any CPU
		{5E1A1A4E-9126-4346-911B-D26EA2351B57}.AppStore|x64.ActiveCfg = Debug|Any CPU
		{5E1A1A4E-9126-4346-911B-D26EA2351B57}.AppStore|x64.Build.0 = Debug|Any CPU
		{5E1A1A4E-9126-4346-911B-D26EA2351B57}.AppStore|x86.ActiveCfg = Debug|Any CPU
		{5E1A1A4E-9126-4346-911B-D26EA2351B57}.AppStore|x86.Build.0 = Debug|Any CPU
		{5E1A1A4E-9126-4346-911B-D26EA2351B57}.Debug|Any CPU.ActiveCfg = Debug|Any CPU
		{5E1A1A4E-9126-4346-911B-D26EA2351B57}.Debug|Any CPU.Build.0 = Debug|Any CPU
		{5E1A1A4E-9126-4346-911B-D26EA2351B57}.Debug|ARM.ActiveCfg = Debug|Any CPU
		{5E1A1A4E-9126-4346-911B-D26EA2351B57}.Debug|ARM.Build.0 = Debug|Any CPU
		{5E1A1A4E-9126-4346-911B-D26EA2351B57}.Debug|iPhone.ActiveCfg = Debug|Any CPU
		{5E1A1A4E-9126-4346-911B-D26EA2351B57}.Debug|iPhone.Build.0 = Debug|Any CPU
		{5E1A1A4E-9126-4346-911B-D26EA2351B57}.Debug|iPhoneSimulator.ActiveCfg = Debug|Any CPU
		{5E1A1A4E-9126-4346-911B-D26EA2351B57}.Debug|iPhoneSimulator.Build.0 = Debug|Any CPU
		{5E1A1A4E-9126-4346-911B-D26EA2351B57}.Debug|x64.ActiveCfg = Debug|Any CPU
		{5E1A1A4E-9126-4346-911B-D26EA2351B57}.Debug|x64.Build.0 = Debug|Any CPU
		{5E1A1A4E-9126-4346-911B-D26EA2351B57}.Debug|x86.ActiveCfg = Debug|Any CPU
		{5E1A1A4E-9126-4346-911B-D26EA2351B57}.Debug|x86.Build.0 = Debug|Any CPU
		{5E1A1A4E-9126-4346-911B-D26EA2351B57}.Release|Any CPU.ActiveCfg = Release|Any CPU
		{5E1A1A4E-9126-4346-911B-D26EA2351B57}.Release|Any CPU.Build.0 = Release|Any CPU
		{5E1A1A4E-9126-4346-911B-D26EA2351B57}.Release|ARM.ActiveCfg = Release|Any CPU
		{5E1A1A4E-9126-4346-911B-D26EA2351B57}.Release|ARM.Build.0 = Release|Any CPU
		{5E1A1A4E-9126-4346-911B-D26EA2351B57}.Release|iPhone.ActiveCfg = Release|Any CPU
		{5E1A1A4E-9126-4346-911B-D26EA2351B57}.Release|iPhone.Build.0 = Release|Any CPU
		{5E1A1A4E-9126-4346-911B-D26EA2351B57}.Release|iPhoneSimulator.ActiveCfg = Release|Any CPU
		{5E1A1A4E-9126-4346-911B-D26EA2351B57}.Release|iPhoneSimulator.Build.0 = Release|Any CPU
		{5E1A1A4E-9126-4346-911B-D26EA2351B57}.Release|x64.ActiveCfg = Release|Any CPU
		{5E1A1A4E-9126-4346-911B-D26EA2351B57}.Release|x64.Build.0 = Release|Any CPU
		{5E1A1A4E-9126-4346-911B-D26EA2351B57}.Release|x86.ActiveCfg = Release|Any CPU
		{5E1A1A4E-9126-4346-911B-D26EA2351B57}.Release|x86.Build.0 = Release|Any CPU
	EndGlobalSection
	GlobalSection(SolutionProperties) = preSolution
		HideSolutionNode = FALSE
	EndGlobalSection
	GlobalSection(ExtensibilityGlobals) = postSolution
		SolutionGuid = {53AC8F93-AF49-4D98-AA87-DB2F48FB97D1}
	EndGlobalSection
EndGlobal
